
Microsoft Visual Studio Solution File, Format Version 12.00
# Visual Studio 14
VisualStudioVersion = 14.0.25420.1
MinimumVisualStudioVersion = 10.0.40219.1
Project("{FAE04EC0-301F-11D3-BF4B-00C04F79EFBC}") = "StrategyPatternDemo", "StrategyPatternDemo\StrategyPatternDemo.csproj", "{3366B72B-C5CD-4E8C-828D-1313841DFEF3}"
EndProject
Project("{FAE04EC0-301F-11D3-BF4B-00C04F79EFBC}") = "ObserverPatternDemo", "ObserverPatternDemo\ObserverPatternDemo.csproj", "{3558CCEA-4174-48B9-BB2D-458CDD5707DA}"
EndProject
Project("{FAE04EC0-301F-11D3-BF4B-00C04F79EFBC}") = "DecoratorPatternDemo", "DecoratorPatternDemo\DecoratorPatternDemo.csproj", "{F3EF7EE7-9110-4166-91C8-1646B702F1FC}"
EndProject
Project("{FAE04EC0-301F-11D3-BF4B-00C04F79EFBC}") = "FactoryPatternDemo", "FactoryPatternDemo\FactoryPatternDemo.csproj", "{62E3296C-ABEF-44C3-9FFF-E8858F07CC95}"
EndProject
Project("{FAE04EC0-301F-11D3-BF4B-00C04F79EFBC}") = "SingletonPatternDemo", "SingletonPatternDemo\SingletonPatternDemo.csproj", "{7524500F-1446-4294-843B-AE12338BB000}"
EndProject
Project("{FAE04EC0-301F-11D3-BF4B-00C04F79EFBC}") = "CommandPatternDemo", "CommandPatternDemo\CommandPatternDemo.csproj", "{7067D1FB-7C7A-48E5-B0E4-788662A58485}"
EndProject
Project("{FAE04EC0-301F-11D3-BF4B-00C04F79EFBC}") = "AdapterPatternDemo", "AdapterPatternDemo\AdapterPatternDemo.csproj", "{DD3F064C-4E5E-45D2-96C4-FE769EDBDA0F}"
EndProject
Project("{FAE04EC0-301F-11D3-BF4B-00C04F79EFBC}") = "FacadePatternDemo", "FacadePatternDemo\FacadePatternDemo.csproj", "{0CFCA136-9D22-4047-8A83-EEB55633B55F}"
EndProject
Project("{FAE04EC0-301F-11D3-BF4B-00C04F79EFBC}") = "TemplateMethodPattern", "TemplateMethodPattern\TemplateMethodPattern.csproj", "{38990B58-07CE-453B-B8E0-35FB7667065F}"
EndProject
Project("{FAE04EC0-301F-11D3-BF4B-00C04F79EFBC}") = "IteratorPatternDemo", "IteratorPatternDemo\IteratorPatternDemo.csproj", "{B5D08BFB-E0BC-44FB-84D1-1479DC649A67}"
EndProject
Global
	GlobalSection(SolutionConfigurationPlatforms) = preSolution
		Debug|Any CPU = Debug|Any CPU
		Release|Any CPU = Release|Any CPU
	EndGlobalSection
	GlobalSection(ProjectConfigurationPlatforms) = postSolution
		{3366B72B-C5CD-4E8C-828D-1313841DFEF3}.Debug|Any CPU.ActiveCfg = Debug|Any CPU
		{3366B72B-C5CD-4E8C-828D-1313841DFEF3}.Debug|Any CPU.Build.0 = Debug|Any CPU
		{3366B72B-C5CD-4E8C-828D-1313841DFEF3}.Release|Any CPU.ActiveCfg = Release|Any CPU
		{3366B72B-C5CD-4E8C-828D-1313841DFEF3}.Release|Any CPU.Build.0 = Release|Any CPU
		{3558CCEA-4174-48B9-BB2D-458CDD5707DA}.Debug|Any CPU.ActiveCfg = Debug|Any CPU
		{3558CCEA-4174-48B9-BB2D-458CDD5707DA}.Debug|Any CPU.Build.0 = Debug|Any CPU
		{3558CCEA-4174-48B9-BB2D-458CDD5707DA}.Release|Any CPU.ActiveCfg = Release|Any CPU
		{3558CCEA-4174-48B9-BB2D-458CDD5707DA}.Release|Any CPU.Build.0 = Release|Any CPU
		{F3EF7EE7-9110-4166-91C8-1646B702F1FC}.Debug|Any CPU.ActiveCfg = Debug|Any CPU
		{F3EF7EE7-9110-4166-91C8-1646B702F1FC}.Debug|Any CPU.Build.0 = Debug|Any CPU
		{F3EF7EE7-9110-4166-91C8-1646B702F1FC}.Release|Any CPU.ActiveCfg = Release|Any CPU
		{F3EF7EE7-9110-4166-91C8-1646B702F1FC}.Release|Any CPU.Build.0 = Release|Any CPU
		{62E3296C-ABEF-44C3-9FFF-E8858F07CC95}.Debug|Any CPU.ActiveCfg = Debug|Any CPU
		{62E3296C-ABEF-44C3-9FFF-E8858F07CC95}.Debug|Any CPU.Build.0 = Debug|Any CPU
		{62E3296C-ABEF-44C3-9FFF-E8858F07CC95}.Release|Any CPU.ActiveCfg = Release|Any CPU
		{62E3296C-ABEF-44C3-9FFF-E8858F07CC95}.Release|Any CPU.Build.0 = Release|Any CPU
		{7524500F-1446-4294-843B-AE12338BB000}.Debug|Any CPU.ActiveCfg = Debug|Any CPU
		{7524500F-1446-4294-843B-AE12338BB000}.Debug|Any CPU.Build.0 = Debug|Any CPU
		{7524500F-1446-4294-843B-AE12338BB000}.Release|Any CPU.ActiveCfg = Release|Any CPU
		{7524500F-1446-4294-843B-AE12338BB000}.Release|Any CPU.Build.0 = Release|Any CPU
		{7067D1FB-7C7A-48E5-B0E4-788662A58485}.Debug|Any CPU.ActiveCfg = Debug|Any CPU
		{7067D1FB-7C7A-48E5-B0E4-788662A58485}.Debug|Any CPU.Build.0 = Debug|Any CPU
		{7067D1FB-7C7A-48E5-B0E4-788662A58485}.Release|Any CPU.ActiveCfg = Release|Any CPU
		{7067D1FB-7C7A-48E5-B0E4-788662A58485}.Release|Any CPU.Build.0 = Release|Any CPU
		{DD3F064C-4E5E-45D2-96C4-FE769EDBDA0F}.Debug|Any CPU.ActiveCfg = Debug|Any CPU
		{DD3F064C-4E5E-45D2-96C4-FE769EDBDA0F}.Debug|Any CPU.Build.0 = Debug|Any CPU
		{DD3F064C-4E5E-45D2-96C4-FE769EDBDA0F}.Release|Any CPU.ActiveCfg = Release|Any CPU
		{DD3F064C-4E5E-45D2-96C4-FE769EDBDA0F}.Release|Any CPU.Build.0 = Release|Any CPU
		{0CFCA136-9D22-4047-8A83-EEB55633B55F}.Debug|Any CPU.ActiveCfg = Debug|Any CPU
		{0CFCA136-9D22-4047-8A83-EEB55633B55F}.Debug|Any CPU.Build.0 = Debug|Any CPU
		{0CFCA136-9D22-4047-8A83-EEB55633B55F}.Release|Any CPU.ActiveCfg = Release|Any CPU
		{0CFCA136-9D22-4047-8A83-EEB55633B55F}.Release|Any CPU.Build.0 = Release|Any CPU
		{38990B58-07CE-453B-B8E0-35FB7667065F}.Debug|Any CPU.ActiveCfg = Debug|Any CPU
		{38990B58-07CE-453B-B8E0-35FB7667065F}.Debug|Any CPU.Build.0 = Debug|Any CPU
		{38990B58-07CE-453B-B8E0-35FB7667065F}.Release|Any CPU.ActiveCfg = Release|Any CPU
		{38990B58-07CE-453B-B8E0-35FB7667065F}.Release|Any CPU.Build.0 = Release|Any CPU
		{B5D08BFB-E0BC-44FB-84D1-1479DC649A67}.Debug|Any CPU.ActiveCfg = Debug|Any CPU
		{B5D08BFB-E0BC-44FB-84D1-1479DC649A67}.Debug|Any CPU.Build.0 = Debug|Any CPU
		{B5D08BFB-E0BC-44FB-84D1-1479DC649A67}.Release|Any CPU.ActiveCfg = Release|Any CPU
		{B5D08BFB-E0BC-44FB-84D1-1479DC649A67}.Release|Any CPU.Build.0 = Release|Any CPU
	EndGlobalSection
	GlobalSection(SolutionProperties) = preSolution
		HideSolutionNode = FALSE
	EndGlobalSection
EndGlobal
